#MicroXplorer Configuration settings - do not modify
Mcu.Family=STM32F4
RCC.PLLSourceVirtual=RCC_PLLSOURCE_HSE
ProjectManager.MainLocation=Core/Src
ProjectManager.ProjectFileName=LabaPES_2.ioc
PH0-OSC_IN.Signal=RCC_OSC_IN
USART2.IPParameters=VirtualMode
RCC.CortexFreq_Value=72000000
ProjectManager.KeepUserCode=true
Mcu.UserName=STM32F446RETx
Mcu.PinsNb=9
ProjectManager.NoMain=false
TIM1.IPParameters=Channel-PWM Generation2 CH2,Channel-PWM Generation1 CH1,Channel-PWM Generation3 CH3,Period,Prescaler
PC13.Locked=true
RCC.PLLCLKFreq_Value=72000000
PC13.Signal=GPXTI13
RCC.FMPI2C1Freq_Value=36000000
RCC.PLLQCLKFreq_Value=72000000
RCC.VCOI2SInputFreq_Value=500000
ProjectManager.functionlistsort=1-MX_GPIO_Init-GPIO-false-HAL-true,2-SystemClock_Config-RCC-false-HAL-false,3-MX_USART2_UART_Init-USART2-false-HAL-true,4-MX_TIM1_Init-TIM1-false-HAL-true
RCC.RTCFreq_Value=32000
ProjectManager.DefaultFWLocation=true
RCC.PLLI2SRCLKFreq_Value=48000000
ProjectManager.DeletePrevious=true
SH.S_TIM1_CH3.ConfNb=1
SH.S_TIM1_CH1.ConfNb=1
PC13.GPIO_Label=BTN1
RCC.APB1CLKDivider=RCC_HCLK_DIV2
boardIOC=true
RCC.SAIAFreq_Value=48000000
NVIC.USART2_IRQn=true\:0\:0\:false\:false\:true\:true\:true
PinOutPanel.RotationAngle=0
RCC.FamilyName=M
RCC.SYSCLKSource=RCC_SYSCLKSOURCE_PLLCLK
ProjectManager.StackSize=0x400
SH.GPXTI13.0=GPIO_EXTI13
PA3.Mode=Asynchronous
Mcu.IP4=USART2
RCC.FCLKCortexFreq_Value=72000000
NVIC.SVCall_IRQn=true\:0\:0\:false\:false\:true\:false\:false
Mcu.IP2=SYS
Mcu.IP3=TIM1
Mcu.IP0=NVIC
Mcu.IP1=RCC
TIM1.Prescaler=72-1
SH.S_TIM1_CH1.0=TIM1_CH1,PWM Generation1 CH1
Mcu.UserConstants=
ProjectManager.TargetToolchain=STM32CubeIDE
SH.GPXTI13.ConfNb=1
Mcu.ThirdPartyNb=0
RCC.SDIOFreq_Value=72000000
RCC.HCLKFreq_Value=72000000
Mcu.IPNb=5
RCC.I2SClocksFreq_Value=96000000
ProjectManager.PreviousToolchain=
RCC.APB2TimFreq_Value=72000000
PA9.Signal=S_TIM1_CH2
RCC.SPDIFRXFreq_Value=72000000
RCC.VcooutputI2S=96000000
TIM1.Channel-PWM\ Generation2\ CH2=TIM_CHANNEL_2
RCC.I2S1Freq_Value=48000000
RCC.VCOInputMFreq_Value=1000000
Mcu.Pin6=PA9
Mcu.Pin7=PA10
ProjectManager.RegisterCallBack=
Mcu.Pin8=VP_SYS_VS_Systick
RCC.USBFreq_Value=72000000
RCC.VCOSAIOutputFreq_Value=96000000
RCC.PLLSAIoutputFreq_Value=48000000
RCC.AHBFreq_Value=72000000
PH0-OSC_IN.Mode=HSE-External-Oscillator
Mcu.Pin0=PC13
Mcu.Pin1=PH0-OSC_IN
SH.S_TIM1_CH2.ConfNb=1
GPIO.groupedBy=Group By Peripherals
Mcu.Pin2=PH1-OSC_OUT
Mcu.Pin3=PA2
Mcu.Pin4=PA3
NVIC.EXTI15_10_IRQn=true\:0\:0\:false\:false\:true\:true\:true
RCC.VCOI2SOutputFreq_Value=96000000
Mcu.Pin5=PA8
ProjectManager.ProjectBuild=false
RCC.HSE_VALUE=8000000
NVIC.UsageFault_IRQn=true\:0\:0\:false\:false\:true\:true\:false
NVIC.DebugMonitor_IRQn=true\:0\:0\:false\:false\:true\:true\:false
RCC.PLLSAIPCLKFreq_Value=48000000
board=NUCLEO-F446RE
RCC.VCOOutputFreq_Value=144000000
NVIC.SysTick_IRQn=true\:0\:0\:true\:false\:true\:true\:true
ProjectManager.LastFirmware=true
ProjectManager.FirmwarePackage=STM32Cube FW_F4 V1.26.2
MxDb.Version=DB.6.0.20
RCC.APB2Freq_Value=72000000
ProjectManager.BackupPrevious=false
MxCube.Version=6.2.0
RCC.VCOInputFreq_Value=2000000
SH.S_TIM1_CH2.0=TIM1_CH2,PWM Generation2 CH2
TIM1.Channel-PWM\ Generation1\ CH1=TIM_CHANNEL_1
RCC.PLLI2SPCLKFreq_Value=48000000
PC13.GPIOParameters=GPIO_PuPd,GPIO_Label
File.Version=6
VP_SYS_VS_Systick.Mode=SysTick
RCC.EthernetFreq_Value=84000000
PC13.GPIO_PuPd=GPIO_PULLUP
PH1-OSC_OUT.Signal=RCC_OSC_OUT
NVIC.NonMaskableInt_IRQn=true\:0\:0\:false\:false\:true\:true\:false
PA8.Signal=S_TIM1_CH1
RCC.PLLRCLKFreq_Value=72000000
NVIC.PendSV_IRQn=true\:0\:0\:false\:false\:true\:false\:false
ProjectManager.FreePins=false
RCC.IPParameters=48MHZClocksFreq_Value,AHBFreq_Value,APB1CLKDivider,APB1Freq_Value,APB1TimFreq_Value,APB2Freq_Value,APB2TimFreq_Value,CECFreq_Value,CortexFreq_Value,EthernetFreq_Value,FCLKCortexFreq_Value,FLatency-AdvancedSettings,FMPI2C1Freq_Value,FamilyName,HCLKFreq_Value,HSE_VALUE,HSI_VALUE,I2S1Freq_Value,I2S2Freq_Value,I2SClocksFreq_Value,LSI_VALUE,MCO2PinFreq_Value,PLLCLKFreq_Value,PLLI2SPCLKFreq_Value,PLLI2SQCLKFreq_Value,PLLI2SRCLKFreq_Value,PLLI2SoutputFreq_Value,PLLM,PLLN,PLLQCLKFreq_Value,PLLRCLKFreq_Value,PLLSAIPCLKFreq_Value,PLLSAIQCLKFreq_Value,PLLSAIoutputFreq_Value,PLLSourceVirtual,PWRFreq_Value,RTCFreq_Value,RTCHSEDivFreq_Value,SAIAFreq_Value,SAIBFreq_Value,SDIOFreq_Value,SPDIFRXFreq_Value,SYSCLKFreq_VALUE,SYSCLKSource,USBFreq_Value,VCOI2SInputFreq_Value,VCOI2SOutputFreq_Value,VCOInputFreq_Value,VCOInputMFreq_Value,VCOOutputFreq_Value,VCOSAIInputFreq_Value,VCOSAIOutputFreq_Value,VcooutputI2S
ProjectManager.AskForMigrate=true
Mcu.Name=STM32F446R(C-E)Tx
RCC.PLLI2SQCLKFreq_Value=48000000
RCC.PLLI2SoutputFreq_Value=48000000
ProjectManager.HalAssertFull=false
RCC.RTCHSEDivFreq_Value=4000000
PA2.Signal=USART2_TX
ProjectManager.ProjectName=LabaPES_2
ProjectManager.UnderRoot=true
RCC.FLatency-AdvancedSettings=FLASH_LATENCY_2
RCC.VCOSAIInputFreq_Value=500000
ProjectManager.CoupleFile=false
PH1-OSC_OUT.Mode=HSE-External-Oscillator
RCC.48MHZClocksFreq_Value=84000000
RCC.MCO2PinFreq_Value=72000000
RCC.SYSCLKFreq_VALUE=72000000
Mcu.Package=LQFP64
RCC.I2S2Freq_Value=48000000
NVIC.ForceEnableDMAVector=true
KeepUserPlacement=false
USART2.VirtualMode=VM_ASYNC
NVIC.MemoryManagement_IRQn=true\:0\:0\:false\:false\:true\:true\:false
ProjectManager.CompilerOptimize=6
ProjectManager.ToolChainLocation=
RCC.LSI_VALUE=32000
VP_SYS_VS_Systick.Signal=SYS_VS_Systick
PA10.Signal=S_TIM1_CH3
ProjectManager.HeapSize=0x200
NVIC.HardFault_IRQn=true\:0\:0\:false\:false\:true\:true\:false
SH.S_TIM1_CH3.0=TIM1_CH3,PWM Generation3 CH3
ProjectManager.ComputerToolchain=false
RCC.HSI_VALUE=16000000
NVIC.PriorityGroup=NVIC_PRIORITYGROUP_0
RCC.PLLM=4
RCC.PLLN=72
RCC.CECFreq_Value=32786.88524590164
RCC.APB1TimFreq_Value=72000000
PA2.Mode=Asynchronous
NVIC.BusFault_IRQn=true\:0\:0\:false\:false\:true\:true\:false
RCC.PWRFreq_Value=72000000
TIM1.Period=100-1
TIM1.Channel-PWM\ Generation3\ CH3=TIM_CHANNEL_3
RCC.SAIBFreq_Value=48000000
RCC.APB1Freq_Value=36000000
ProjectManager.CustomerFirmwarePackage=
ProjectManager.DeviceId=STM32F446RETx
ProjectManager.LibraryCopy=1
RCC.PLLSAIQCLKFreq_Value=48000000
PA3.Signal=USART2_RX
isbadioc=false
